
Microsoft Visual Studio Solution File, Format Version 12.00
# Visual Studio Version 16
VisualStudioVersion = 16.0.30406.217
MinimumVisualStudioVersion = 10.0.40219.1
Project("{9A19103F-16F7-4668-BE54-9A1E7A4F7556}") = "GZipTest", "GZipTest\GZipTest.csproj", "{9C243BCE-8769-45E3-A488-2BDD7B1ABC47}"
EndProject
Global
	GlobalSection(SolutionConfigurationPlatforms) = preSolution
		Debug|Any CPU = Debug|Any CPU
		Release|Any CPU = Release|Any CPU
	EndGlobalSection
	GlobalSection(ProjectConfigurationPlatforms) = postSolution
		{9C243BCE-8769-45E3-A488-2BDD7B1ABC47}.Debug|Any CPU.ActiveCfg = Debug|Any CPU
		{9C243BCE-8769-45E3-A488-2BDD7B1ABC47}.Debug|Any CPU.Build.0 = Debug|Any CPU
		{9C243BCE-8769-45E3-A488-2BDD7B1ABC47}.Release|Any CPU.ActiveCfg = Release|Any CPU
		{9C243BCE-8769-45E3-A488-2BDD7B1ABC47}.Release|Any CPU.Build.0 = Release|Any CPU
	EndGlobalSection
	GlobalSection(SolutionProperties) = preSolution
		HideSolutionNode = FALSE
	EndGlobalSection
	GlobalSection(ExtensibilityGlobals) = postSolution
		SolutionGuid = {91422485-2881-4978-BFDB-2F8051E9F93D}
	EndGlobalSection
EndGlobal
